
Microsoft Visual Studio Solution File, Format Version 12.00
# Visual Studio Version 16
VisualStudioVersion = 16.0.31129.286
MinimumVisualStudioVersion = 10.0.40219.1
Project("{FAE04EC0-301F-11D3-BF4B-00C04F79EFBC}") = "Assorti", "Assorti\Assorti.csproj", "{4BE5697E-A3B7-4AAE-ADE4-3EA7F6F01585}"
EndProject
Global
	GlobalSection(SolutionConfigurationPlatforms) = preSolution
		Debug|Any CPU = Debug|Any CPU
		Release|Any CPU = Release|Any CPU
	EndGlobalSection
	GlobalSection(ProjectConfigurationPlatforms) = postSolution
		{4BE5697E-A3B7-4AAE-ADE4-3EA7F6F01585}.Debug|Any CPU.ActiveCfg = Debug|Any CPU
		{4BE5697E-A3B7-4AAE-ADE4-3EA7F6F01585}.Debug|Any CPU.Build.0 = Debug|Any CPU
		{4BE5697E-A3B7-4AAE-ADE4-3EA7F6F01585}.Release|Any CPU.ActiveCfg = Release|Any CPU
		{4BE5697E-A3B7-4AAE-ADE4-3EA7F6F01585}.Release|Any CPU.Build.0 = Release|Any CPU
	EndGlobalSection
	GlobalSection(SolutionProperties) = preSolution
		HideSolutionNode = FALSE
	EndGlobalSection
	GlobalSection(ExtensibilityGlobals) = postSolution
		SolutionGuid = {CBC3F16C-FB7F-4B98-BE81-E6F301CB34A8}
	EndGlobalSection
EndGlobal
